
Microsoft Visual Studio Solution File, Format Version 12.00
# Visual Studio Version 17
VisualStudioVersion = 17.7.34221.43
MinimumVisualStudioVersion = 10.0.40219.1
Project("{FAE04EC0-301F-11D3-BF4B-00C04F79EFBC}") = "WriteToExcel", "WriteToExcel\WriteToExcel.csproj", "{CA5D7F7A-536B-45F4-BC36-B26BE8B03532}"
EndProject
Global
	GlobalSection(SolutionConfigurationPlatforms) = preSolution
		Debug|Any CPU = Debug|Any CPU
		Release|Any CPU = Release|Any CPU
	EndGlobalSection
	GlobalSection(ProjectConfigurationPlatforms) = postSolution
		{CA5D7F7A-536B-45F4-BC36-B26BE8B03532}.Debug|Any CPU.ActiveCfg = Debug|Any CPU
		{CA5D7F7A-536B-45F4-BC36-B26BE8B03532}.Debug|Any CPU.Build.0 = Debug|Any CPU
		{CA5D7F7A-536B-45F4-BC36-B26BE8B03532}.Release|Any CPU.ActiveCfg = Release|Any CPU
		{CA5D7F7A-536B-45F4-BC36-B26BE8B03532}.Release|Any CPU.Build.0 = Release|Any CPU
	EndGlobalSection
	GlobalSection(SolutionProperties) = preSolution
		HideSolutionNode = FALSE
	EndGlobalSection
	GlobalSection(ExtensibilityGlobals) = postSolution
		SolutionGuid = {CA8B95DE-FD65-49AB-BE32-C134C52AD7B6}
	EndGlobalSection
EndGlobal
